<?xml version="1.0" encoding="utf-8"?>
<Project ToolsVersion="4.0" xmlns="http://schemas.microsoft.com/developer/msbuild/2003">
  <ItemGroup>
    <Filter Include="Source Files">
      <UniqueIdentifier>{4FC737F1-C7A5-4376-A066-2A32D752A2FF}</UniqueIdentifier>
      <Extensions>cpp;c;cc;cxx;def;odl;idl;hpj;bat;asm;asmx</Extensions>
    </Filter>
    <Filter Include="External Sources">
      <UniqueIdentifier>{415c3613-2612-4296-a22b-62cbb4802538}</UniqueIdentifier>
    </Filter>
    <Filter Include="External Sources\minizip">
      <UniqueIdentifier>{b6087172-db04-46b7-a295-d206e34e5be0}</UniqueIdentifier>
    </Filter>
  </ItemGroup>
  <ItemGroup>
    <ClCompile Include="..\..\dependencies\src\minizip\ioapi.c">
      <Filter>External Sources\minizip</Filter>
    </ClCompile>
    <ClCompile Include="..\..\dependencies\src\minizip\iowin32.c">
      <Filter>External Sources\minizip</Filter>
    </ClCompile>
    <ClCompile Include="..\..\dependencies\src\minizip\unzip.c">
      <Filter>External Sources\minizip</Filter>
    </ClCompile>
    <ClCompile Include="..\..\dependencies\src\minizip\zip.c">
      <Filter>External Sources\minizip</Filter>
    </ClCompile>
    <ClCompile Include="..\..\src\bracker\main.c">
      <Filter>Source Files</Filter>
    </ClCompile>
  </ItemGroup>
</Project>