<?xml version="1.0" encoding="utf-8"?>
<Project ToolsVersion="4.0" xmlns="http://schemas.microsoft.com/developer/msbuild/2003">
  <ItemGroup>
    <Filter Include="Source Files">
      <UniqueIdentifier>{4FC737F1-C7A5-4376-A066-2A32D752A2FF}</UniqueIdentifier>
      <Extensions>cpp;c;cc;cxx;def;odl;idl;hpj;bat;asm;asmx</Extensions>
    </Filter>
    <Filter Include="Header Files">
      <UniqueIdentifier>{93995380-89BD-4b04-88EB-625FBE52EBFB}</UniqueIdentifier>
      <Extensions>h;hpp;hxx;hm;inl;inc;xsd</Extensions>
    </Filter>
    <Filter Include="Resource Files">
      <UniqueIdentifier>{67DA6AB6-F800-4c08-8B7A-83BB121AAD01}</UniqueIdentifier>
      <Extensions>rc;ico;cur;bmp;dlg;rc2;rct;bin;rgs;gif;jpg;jpeg;jpe;resx;tiff;tif;png;wav;mfcribbon-ms</Extensions>
    </Filter>
    <Filter Include="External Sources">
      <UniqueIdentifier>{20893b1e-2281-4478-8950-c98b84d2fed4}</UniqueIdentifier>
    </Filter>
    <Filter Include="External Sources\minizip">
      <UniqueIdentifier>{41d97463-aa77-4459-ad82-47ebd1a6f261}</UniqueIdentifier>
    </Filter>
  </ItemGroup>
  <ItemGroup>
    <ClCompile Include="..\..\dependencies\src\minizip\ioapi.c">
      <Filter>External Sources\minizip</Filter>
    </ClCompile>
    <ClCompile Include="..\..\dependencies\src\minizip\iowin32.c">
      <Filter>External Sources\minizip</Filter>
    </ClCompile>
    <ClCompile Include="..\..\dependencies\src\minizip\unzip.c">
      <Filter>External Sources\minizip</Filter>
    </ClCompile>
    <ClCompile Include="..\..\dependencies\src\minizip\zip.c">
      <Filter>External Sources\minizip</Filter>
    </ClCompile>
    <ClCompile Include="..\..\src\bric-n-brac\extract.cpp">
      <Filter>Source Files</Filter>
    </ClCompile>
    <ClCompile Include="..\..\src\bric-n-brac\system.cpp">
      <Filter>Source Files</Filter>
    </ClCompile>
    <ClCompile Include="..\..\src\bric-n-brac\archive.cpp">
      <Filter>Source Files</Filter>
    </ClCompile>
  </ItemGroup>
  <ItemGroup>
    <ClInclude Include="..\..\inc\bric-n-brac\config.h">
      <Filter>Header Files</Filter>
    </ClInclude>
    <ClInclude Include="..\..\inc\bric-n-brac\system.h">
      <Filter>Header Files</Filter>
    </ClInclude>
    <ClInclude Include="..\..\inc\bric-n-brac\extract.h">
      <Filter>Header Files</Filter>
    </ClInclude>
  </ItemGroup>
</Project>